// !$*UTF8*$!
{
	archiveVersion = 1;
	classes = {
	};
	objectVersion = 46;
	objects = {

/* Begin PBXBuildFile section */
		1C4B020D1AF7A678009F8BBD /* ColorPalette.swift in Sources */ = {isa = PBXBuildFile; fileRef = 1C4B020C1AF7A678009F8BBD /* ColorPalette.swift */; };
		1C85ABB81AEF271A00F10114 /* Dollar.framework in Frameworks */ = {isa = PBXBuildFile; fileRef = 1C85ABB71AEF271A00F10114 /* Dollar.framework */; };
		1C85ABBC1AEF2B9400F10114 /* TeamRankCell.swift in Sources */ = {isa = PBXBuildFile; fileRef = 1C85ABBB1AEF2B9400F10114 /* TeamRankCell.swift */; };
		1C85ABBE1AEF2D9200F10114 /* NewCourseController.swift in Sources */ = {isa = PBXBuildFile; fileRef = 1C85ABBD1AEF2D9200F10114 /* NewCourseController.swift */; };
		1CC550B41AEEEC220003EA8B /* TeamEmbedController.swift in Sources */ = {isa = PBXBuildFile; fileRef = 1CC550B31AEEEC220003EA8B /* TeamEmbedController.swift */; };
		1CC550B71AEF1BCA0003EA8B /* TeamCardController.swift in Sources */ = {isa = PBXBuildFile; fileRef = 1CC550B61AEF1BCA0003EA8B /* TeamCardController.swift */; };
		1CC550B91AEF1F630003EA8B /* TeamTests.swift in Sources */ = {isa = PBXBuildFile; fileRef = 1CC550B81AEF1F630003EA8B /* TeamTests.swift */; };
		1CCC27CF1AF00B5000CD8E06 /* NewTeamController.swift in Sources */ = {isa = PBXBuildFile; fileRef = 1CCC27CE1AF00B5000CD8E06 /* NewTeamController.swift */; };
		1CD102601AEE7E9500AC6122 /* AppDelegate.swift in Sources */ = {isa = PBXBuildFile; fileRef = 1CD1025F1AEE7E9500AC6122 /* AppDelegate.swift */; };
		1CD102631AEE7E9500AC6122 /* CourseTracker.xcdatamodeld in Sources */ = {isa = PBXBuildFile; fileRef = 1CD102611AEE7E9500AC6122 /* CourseTracker.xcdatamodeld */; };
		1CD102651AEE7E9500AC6122 /* ViewController.swift in Sources */ = {isa = PBXBuildFile; fileRef = 1CD102641AEE7E9500AC6122 /* ViewController.swift */; };
		1CD102681AEE7E9500AC6122 /* Main.storyboard in Resources */ = {isa = PBXBuildFile; fileRef = 1CD102661AEE7E9500AC6122 /* Main.storyboard */; };
		1CD1026A1AEE7E9500AC6122 /* Images.xcassets in Resources */ = {isa = PBXBuildFile; fileRef = 1CD102691AEE7E9500AC6122 /* Images.xcassets */; };
		1CD1026D1AEE7E9500AC6122 /* LaunchScreen.xib in Resources */ = {isa = PBXBuildFile; fileRef = 1CD1026B1AEE7E9500AC6122 /* LaunchScreen.xib */; };
		1CD102791AEE7E9500AC6122 /* CourseTests.swift in Sources */ = {isa = PBXBuildFile; fileRef = 1CD102781AEE7E9500AC6122 /* CourseTests.swift */; };
		1CD1028F1AEE8CBB00AC6122 /* Course.swift in Sources */ = {isa = PBXBuildFile; fileRef = 1CD1028B1AEE8CBB00AC6122 /* Course.swift */; };
		1CD102901AEE8CBB00AC6122 /* Run.swift in Sources */ = {isa = PBXBuildFile; fileRef = 1CD1028C1AEE8CBB00AC6122 /* Run.swift */; };
		1CD102911AEE8CBB00AC6122 /* Runner.swift in Sources */ = {isa = PBXBuildFile; fileRef = 1CD1028D1AEE8CBB00AC6122 /* Runner.swift */; };
		1CD102921AEE8CBB00AC6122 /* Team.swift in Sources */ = {isa = PBXBuildFile; fileRef = 1CD1028E1AEE8CBB00AC6122 /* Team.swift */; };
		1CD1029A1AEE97D100AC6122 /* TestHelper.swift in Sources */ = {isa = PBXBuildFile; fileRef = 1CD102991AEE97D100AC6122 /* TestHelper.swift */; };
		1CD1029F1AEE996200AC6122 /* Database.swift in Sources */ = {isa = PBXBuildFile; fileRef = 1CD1029E1AEE996200AC6122 /* Database.swift */; };
/* End PBXBuildFile section */

/* Begin PBXContainerItemProxy section */
		1CD102731AEE7E9500AC6122 /* PBXContainerItemProxy */ = {
			isa = PBXContainerItemProxy;
			containerPortal = 1CD102521AEE7E9500AC6122 /* Project object */;
			proxyType = 1;
			remoteGlobalIDString = 1CD102591AEE7E9500AC6122;
			remoteInfo = CourseTracker;
		};
/* End PBXContainerItemProxy section */

/* Begin PBXFileReference section */
		1C4B020C1AF7A678009F8BBD /* ColorPalette.swift */ = {isa = PBXFileReference; fileEncoding = 4; lastKnownFileType = sourcecode.swift; path = ColorPalette.swift; sourceTree = "<group>"; };
		1C85ABB71AEF271A00F10114 /* Dollar.framework */ = {isa = PBXFileReference; lastKnownFileType = wrapper.framework; name = Dollar.framework; path = ../Carthage/Build/iOS/Dollar.framework; sourceTree = "<group>"; };
		1C85ABBB1AEF2B9400F10114 /* TeamRankCell.swift */ = {isa = PBXFileReference; fileEncoding = 4; lastKnownFileType = sourcecode.swift; path = TeamRankCell.swift; sourceTree = "<group>"; };
		1C85ABBD1AEF2D9200F10114 /* NewCourseController.swift */ = {isa = PBXFileReference; fileEncoding = 4; lastKnownFileType = sourcecode.swift; path = NewCourseController.swift; sourceTree = "<group>"; };
		1CC550B31AEEEC220003EA8B /* TeamEmbedController.swift */ = {isa = PBXFileReference; fileEncoding = 4; lastKnownFileType = sourcecode.swift; path = TeamEmbedController.swift; sourceTree = "<group>"; };
		1CC550B61AEF1BCA0003EA8B /* TeamCardController.swift */ = {isa = PBXFileReference; fileEncoding = 4; lastKnownFileType = sourcecode.swift; path = TeamCardController.swift; sourceTree = "<group>"; };
		1CC550B81AEF1F630003EA8B /* TeamTests.swift */ = {isa = PBXFileReference; fileEncoding = 4; lastKnownFileType = sourcecode.swift; path = TeamTests.swift; sourceTree = "<group>"; };
		1CCC27CE1AF00B5000CD8E06 /* NewTeamController.swift */ = {isa = PBXFileReference; fileEncoding = 4; lastKnownFileType = sourcecode.swift; path = NewTeamController.swift; sourceTree = "<group>"; };
		1CD1025A1AEE7E9500AC6122 /* CourseTracker.app */ = {isa = PBXFileReference; explicitFileType = wrapper.application; includeInIndex = 0; path = CourseTracker.app; sourceTree = BUILT_PRODUCTS_DIR; };
		1CD1025E1AEE7E9500AC6122 /* Info.plist */ = {isa = PBXFileReference; lastKnownFileType = text.plist.xml; path = Info.plist; sourceTree = "<group>"; };
		1CD1025F1AEE7E9500AC6122 /* AppDelegate.swift */ = {isa = PBXFileReference; lastKnownFileType = sourcecode.swift; path = AppDelegate.swift; sourceTree = "<group>"; };
		1CD102621AEE7E9500AC6122 /* CourseTracker.xcdatamodel */ = {isa = PBXFileReference; lastKnownFileType = wrapper.xcdatamodel; path = CourseTracker.xcdatamodel; sourceTree = "<group>"; };
		1CD102641AEE7E9500AC6122 /* ViewController.swift */ = {isa = PBXFileReference; lastKnownFileType = sourcecode.swift; path = ViewController.swift; sourceTree = "<group>"; };
		1CD102671AEE7E9500AC6122 /* Base */ = {isa = PBXFileReference; lastKnownFileType = file.storyboard; name = Base; path = Base.lproj/Main.storyboard; sourceTree = "<group>"; };
		1CD102691AEE7E9500AC6122 /* Images.xcassets */ = {isa = PBXFileReference; lastKnownFileType = folder.assetcatalog; path = Images.xcassets; sourceTree = "<group>"; };
		1CD1026C1AEE7E9500AC6122 /* Base */ = {isa = PBXFileReference; lastKnownFileType = file.xib; name = Base; path = Base.lproj/LaunchScreen.xib; sourceTree = "<group>"; };
		1CD102721AEE7E9500AC6122 /* CourseTrackerTests.xctest */ = {isa = PBXFileReference; explicitFileType = wrapper.cfbundle; includeInIndex = 0; path = CourseTrackerTests.xctest; sourceTree = BUILT_PRODUCTS_DIR; };
		1CD102771AEE7E9500AC6122 /* Info.plist */ = {isa = PBXFileReference; lastKnownFileType = text.plist.xml; path = Info.plist; sourceTree = "<group>"; };
		1CD102781AEE7E9500AC6122 /* CourseTests.swift */ = {isa = PBXFileReference; lastKnownFileType = sourcecode.swift; path = CourseTests.swift; sourceTree = "<group>"; };
		1CD1028B1AEE8CBB00AC6122 /* Course.swift */ = {isa = PBXFileReference; fileEncoding = 4; lastKnownFileType = sourcecode.swift; path = Course.swift; sourceTree = "<group>"; };
		1CD1028C1AEE8CBB00AC6122 /* Run.swift */ = {isa = PBXFileReference; fileEncoding = 4; lastKnownFileType = sourcecode.swift; path = Run.swift; sourceTree = "<group>"; };
		1CD1028D1AEE8CBB00AC6122 /* Runner.swift */ = {isa = PBXFileReference; fileEncoding = 4; lastKnownFileType = sourcecode.swift; path = Runner.swift; sourceTree = "<group>"; };
		1CD1028E1AEE8CBB00AC6122 /* Team.swift */ = {isa = PBXFileReference; fileEncoding = 4; lastKnownFileType = sourcecode.swift; path = Team.swift; sourceTree = "<group>"; };
		1CD102991AEE97D100AC6122 /* TestHelper.swift */ = {isa = PBXFileReference; fileEncoding = 4; lastKnownFileType = sourcecode.swift; path = TestHelper.swift; sourceTree = "<group>"; };
		1CD1029E1AEE996200AC6122 /* Database.swift */ = {isa = PBXFileReference; fileEncoding = 4; lastKnownFileType = sourcecode.swift; path = Database.swift; sourceTree = "<group>"; };
/* End PBXFileReference section */

/* Begin PBXFrameworksBuildPhase section */
		1CD102571AEE7E9500AC6122 /* Frameworks */ = {
			isa = PBXFrameworksBuildPhase;
			buildActionMask = 2147483647;
			files = (
				1C85ABB81AEF271A00F10114 /* Dollar.framework in Frameworks */,
			);
			runOnlyForDeploymentPostprocessing = 0;
		};
		1CD1026F1AEE7E9500AC6122 /* Frameworks */ = {
			isa = PBXFrameworksBuildPhase;
			buildActionMask = 2147483647;
			files = (
			);
			runOnlyForDeploymentPostprocessing = 0;
		};
/* End PBXFrameworksBuildPhase section */

/* Begin PBXGroup section */
		1CC550B51AEF1BBA0003EA8B /* Views */ = {
			isa = PBXGroup;
			children = (
				1C85ABBB1AEF2B9400F10114 /* TeamRankCell.swift */,
			);
			name = Views;
			sourceTree = "<group>";
		};
		1CD102511AEE7E9500AC6122 = {
			isa = PBXGroup;
			children = (
				1CD1025C1AEE7E9500AC6122 /* CourseTracker */,
				1CD102751AEE7E9500AC6122 /* CourseTrackerTests */,
				1CD1025B1AEE7E9500AC6122 /* Products */,
			);
			sourceTree = "<group>";
		};
		1CD1025B1AEE7E9500AC6122 /* Products */ = {
			isa = PBXGroup;
			children = (
				1CD1025A1AEE7E9500AC6122 /* CourseTracker.app */,
				1CD102721AEE7E9500AC6122 /* CourseTrackerTests.xctest */,
			);
			name = Products;
			sourceTree = "<group>";
		};
		1CD1025C1AEE7E9500AC6122 /* CourseTracker */ = {
			isa = PBXGroup;
			children = (
				1CD1025F1AEE7E9500AC6122 /* AppDelegate.swift */,
				1C4B020C1AF7A678009F8BBD /* ColorPalette.swift */,
				1CD102821AEE8B0C00AC6122 /* Models */,
				1CD102931AEE909700AC6122 /* Controllers */,
				1CC550B51AEF1BBA0003EA8B /* Views */,
				1CD102661AEE7E9500AC6122 /* Main.storyboard */,
				1CD102691AEE7E9500AC6122 /* Images.xcassets */,
				1CD1026B1AEE7E9500AC6122 /* LaunchScreen.xib */,
				1CD102611AEE7E9500AC6122 /* CourseTracker.xcdatamodeld */,
				1CD1025D1AEE7E9500AC6122 /* Supporting Files */,
			);
			path = CourseTracker;
			sourceTree = "<group>";
		};
		1CD1025D1AEE7E9500AC6122 /* Supporting Files */ = {
			isa = PBXGroup;
			children = (
				1C85ABB71AEF271A00F10114 /* Dollar.framework */,
				1CD1025E1AEE7E9500AC6122 /* Info.plist */,
			);
			name = "Supporting Files";
			sourceTree = "<group>";
		};
		1CD102751AEE7E9500AC6122 /* CourseTrackerTests */ = {
			isa = PBXGroup;
			children = (
				1CD102781AEE7E9500AC6122 /* CourseTests.swift */,
				1CC550B81AEF1F630003EA8B /* TeamTests.swift */,
				1CD102991AEE97D100AC6122 /* TestHelper.swift */,
				1CD102761AEE7E9500AC6122 /* Supporting Files */,
			);
			path = CourseTrackerTests;
			sourceTree = "<group>";
		};
		1CD102761AEE7E9500AC6122 /* Supporting Files */ = {
			isa = PBXGroup;
			children = (
				1CD102771AEE7E9500AC6122 /* Info.plist */,
			);
			name = "Supporting Files";
			sourceTree = "<group>";
		};
		1CD102821AEE8B0C00AC6122 /* Models */ = {
			isa = PBXGroup;
			children = (
				1CD1029E1AEE996200AC6122 /* Database.swift */,
				1CD1028B1AEE8CBB00AC6122 /* Course.swift */,
				1CD1028C1AEE8CBB00AC6122 /* Run.swift */,
				1CD1028D1AEE8CBB00AC6122 /* Runner.swift */,
				1CD1028E1AEE8CBB00AC6122 /* Team.swift */,
			);
			name = Models;
			sourceTree = "<group>";
		};
		1CD102931AEE909700AC6122 /* Controllers */ = {
			isa = PBXGroup;
			children = (
				1CD102641AEE7E9500AC6122 /* ViewController.swift */,
				1CC550B31AEEEC220003EA8B /* TeamEmbedController.swift */,
				1CC550B61AEF1BCA0003EA8B /* TeamCardController.swift */,
				1C85ABBD1AEF2D9200F10114 /* NewCourseController.swift */,
				1CCC27CE1AF00B5000CD8E06 /* NewTeamController.swift */,
			);
			name = Controllers;
			sourceTree = "<group>";
		};
/* End PBXGroup section */

/* Begin PBXNativeTarget section */
		1CD102591AEE7E9500AC6122 /* CourseTracker */ = {
			isa = PBXNativeTarget;
			buildConfigurationList = 1CD1027C1AEE7E9500AC6122 /* Build configuration list for PBXNativeTarget "CourseTracker" */;
			buildPhases = (
				1CD102561AEE7E9500AC6122 /* Sources */,
				1CD102571AEE7E9500AC6122 /* Frameworks */,
				1CD102581AEE7E9500AC6122 /* Resources */,
				1C85ABBA1AEF28F000F10114 /* ShellScript */,
			);
			buildRules = (
			);
			dependencies = (
			);
			name = CourseTracker;
			productName = CourseTracker;
			productReference = 1CD1025A1AEE7E9500AC6122 /* CourseTracker.app */;
			productType = "com.apple.product-type.application";
		};
		1CD102711AEE7E9500AC6122 /* CourseTrackerTests */ = {
			isa = PBXNativeTarget;
			buildConfigurationList = 1CD1027F1AEE7E9500AC6122 /* Build configuration list for PBXNativeTarget "CourseTrackerTests" */;
			buildPhases = (
				1CD1026E1AEE7E9500AC6122 /* Sources */,
				1CD1026F1AEE7E9500AC6122 /* Frameworks */,
				1CD102701AEE7E9500AC6122 /* Resources */,
			);
			buildRules = (
			);
			dependencies = (
				1CD102741AEE7E9500AC6122 /* PBXTargetDependency */,
			);
			name = CourseTrackerTests;
			productName = CourseTrackerTests;
			productReference = 1CD102721AEE7E9500AC6122 /* CourseTrackerTests.xctest */;
			productType = "com.apple.product-type.bundle.unit-test";
		};
/* End PBXNativeTarget section */

/* Begin PBXProject section */
		1CD102521AEE7E9500AC6122 /* Project object */ = {
			isa = PBXProject;
			attributes = {
				LastUpgradeCheck = 0630;
				ORGANIZATIONNAME = "Christian Di Lorenzo";
				TargetAttributes = {
					1CD102591AEE7E9500AC6122 = {
						CreatedOnToolsVersion = 6.3.1;
					};
					1CD102711AEE7E9500AC6122 = {
						CreatedOnToolsVersion = 6.3.1;
						TestTargetID = 1CD102591AEE7E9500AC6122;
					};
				};
			};
			buildConfigurationList = 1CD102551AEE7E9500AC6122 /* Build configuration list for PBXProject "CourseTracker" */;
			compatibilityVersion = "Xcode 3.2";
			developmentRegion = English;
			hasScannedForEncodings = 0;
			knownRegions = (
				en,
				Base,
			);
			mainGroup = 1CD102511AEE7E9500AC6122;
			productRefGroup = 1CD1025B1AEE7E9500AC6122 /* Products */;
			projectDirPath = "";
			projectRoot = "";
			targets = (
				1CD102591AEE7E9500AC6122 /* CourseTracker */,
				1CD102711AEE7E9500AC6122 /* CourseTrackerTests */,
			);
		};
/* End PBXProject section */

/* Begin PBXResourcesBuildPhase section */
		1CD102581AEE7E9500AC6122 /* Resources */ = {
			isa = PBXResourcesBuildPhase;
			buildActionMask = 2147483647;
			files = (
				1CD102681AEE7E9500AC6122 /* Main.storyboard in Resources */,
				1CD1026D1AEE7E9500AC6122 /* LaunchScreen.xib in Resources */,
				1CD1026A1AEE7E9500AC6122 /* Images.xcassets in Resources */,
			);
			runOnlyForDeploymentPostprocessing = 0;
		};
		1CD102701AEE7E9500AC6122 /* Resources */ = {
			isa = PBXResourcesBuildPhase;
			buildActionMask = 2147483647;
			files = (
			);
			runOnlyForDeploymentPostprocessing = 0;
		};
/* End PBXResourcesBuildPhase section */

/* Begin PBXShellScriptBuildPhase section */
		1C85ABBA1AEF28F000F10114 /* ShellScript */ = {
			isa = PBXShellScriptBuildPhase;
			buildActionMask = 2147483647;
			files = (
			);
			inputPaths = (
				"$(SRCROOT)/Carthage/Build/iOS/Dollar.framework",
			);
			outputPaths = (
			);
			runOnlyForDeploymentPostprocessing = 0;
			shellPath = /bin/sh;
			shellScript = "/usr/local/bin/carthage copy-frameworks";
		};
/* End PBXShellScriptBuildPhase section */

/* Begin PBXSourcesBuildPhase section */
		1CD102561AEE7E9500AC6122 /* Sources */ = {
			isa = PBXSourcesBuildPhase;
			buildActionMask = 2147483647;
			files = (
				1CC550B41AEEEC220003EA8B /* TeamEmbedController.swift in Sources */,
				1CD1028F1AEE8CBB00AC6122 /* Course.swift in Sources */,
				1C85ABBC1AEF2B9400F10114 /* TeamRankCell.swift in Sources */,
				1CD102651AEE7E9500AC6122 /* ViewController.swift in Sources */,
				1CD102921AEE8CBB00AC6122 /* Team.swift in Sources */,
				1CC550B71AEF1BCA0003EA8B /* TeamCardController.swift in Sources */,
				1CD102601AEE7E9500AC6122 /* AppDelegate.swift in Sources */,
				1C4B020D1AF7A678009F8BBD /* ColorPalette.swift in Sources */,
				1CCC27CF1AF00B5000CD8E06 /* NewTeamController.swift in Sources */,
				1C85ABBE1AEF2D9200F10114 /* NewCourseController.swift in Sources */,
				1CD1029F1AEE996200AC6122 /* Database.swift in Sources */,
				1CD102911AEE8CBB00AC6122 /* Runner.swift in Sources */,
				1CD102901AEE8CBB00AC6122 /* Run.swift in Sources */,
				1CD102631AEE7E9500AC6122 /* CourseTracker.xcdatamodeld in Sources */,
			);
			runOnlyForDeploymentPostprocessing = 0;
		};
		1CD1026E1AEE7E9500AC6122 /* Sources */ = {
			isa = PBXSourcesBuildPhase;
			buildActionMask = 2147483647;
			files = (
				1CD102791AEE7E9500AC6122 /* CourseTests.swift in Sources */,
				1CC550B91AEF1F630003EA8B /* TeamTests.swift in Sources */,
				1CD1029A1AEE97D100AC6122 /* TestHelper.swift in Sources */,
			);
			runOnlyForDeploymentPostprocessing = 0;
		};
/* End PBXSourcesBuildPhase section */

/* Begin PBXTargetDependency section */
		1CD102741AEE7E9500AC6122 /* PBXTargetDependency */ = {
			isa = PBXTargetDependency;
			target = 1CD102591AEE7E9500AC6122 /* CourseTracker */;
			targetProxy = 1CD102731AEE7E9500AC6122 /* PBXContainerItemProxy */;
		};
/* End PBXTargetDependency section */

/* Begin PBXVariantGroup section */
		1CD102661AEE7E9500AC6122 /* Main.storyboard */ = {
			isa = PBXVariantGroup;
			children = (
				1CD102671AEE7E9500AC6122 /* Base */,
			);
			name = Main.storyboard;
			sourceTree = "<group>";
		};
		1CD1026B1AEE7E9500AC6122 /* LaunchScreen.xib */ = {
			isa = PBXVariantGroup;
			children = (
				1CD1026C1AEE7E9500AC6122 /* Base */,
			);
			name = LaunchScreen.xib;
			sourceTree = "<group>";
		};
/* End PBXVariantGroup section */

/* Begin XCBuildConfiguration section */
		1CD1027A1AEE7E9500AC6122 /* Debug */ = {
			isa = XCBuildConfiguration;
			buildSettings = {
				ALWAYS_SEARCH_USER_PATHS = NO;
				CLANG_CXX_LANGUAGE_STANDARD = "gnu++0x";
				CLANG_CXX_LIBRARY = "libc++";
				CLANG_ENABLE_MODULES = YES;
				CLANG_ENABLE_OBJC_ARC = YES;
				CLANG_WARN_BOOL_CONVERSION = YES;
				CLANG_WARN_CONSTANT_CONVERSION = YES;
				CLANG_WARN_DIRECT_OBJC_ISA_USAGE = YES_ERROR;
				CLANG_WARN_EMPTY_BODY = YES;
				CLANG_WARN_ENUM_CONVERSION = YES;
				CLANG_WARN_INT_CONVERSION = YES;
				CLANG_WARN_OBJC_ROOT_CLASS = YES_ERROR;
				CLANG_WARN_UNREACHABLE_CODE = YES;
				CLANG_WARN__DUPLICATE_METHOD_MATCH = YES;
				"CODE_SIGN_IDENTITY[sdk=iphoneos*]" = "iPhone Developer";
				COPY_PHASE_STRIP = NO;
				DEBUG_INFORMATION_FORMAT = "dwarf-with-dsym";
				ENABLE_STRICT_OBJC_MSGSEND = YES;
				GCC_C_LANGUAGE_STANDARD = gnu99;
				GCC_DYNAMIC_NO_PIC = NO;
				GCC_NO_COMMON_BLOCKS = YES;
				GCC_OPTIMIZATION_LEVEL = 0;
				GCC_PREPROCESSOR_DEFINITIONS = (
					"DEBUG=1",
					"$(inherited)",
				);
				GCC_SYMBOLS_PRIVATE_EXTERN = NO;
				GCC_WARN_64_TO_32_BIT_CONVERSION = YES;
				GCC_WARN_ABOUT_RETURN_TYPE = YES_ERROR;
				GCC_WARN_UNDECLARED_SELECTOR = YES;
				GCC_WARN_UNINITIALIZED_AUTOS = YES_AGGRESSIVE;
				GCC_WARN_UNUSED_FUNCTION = YES;
				GCC_WARN_UNUSED_VARIABLE = YES;
				IPHONEOS_DEPLOYMENT_TARGET = 8.3;
				MTL_ENABLE_DEBUG_INFO = YES;
				ONLY_ACTIVE_ARCH = YES;
				SDKROOT = iphoneos;
				SWIFT_OPTIMIZATION_LEVEL = "-Onone";
				TARGETED_DEVICE_FAMILY = 2;
			};
			name = Debug;
		};
		1CD1027B1AEE7E9500AC6122 /* Release */ = {
			isa = XCBuildConfiguration;
			buildSettings = {
				ALWAYS_SEARCH_USER_PATHS = NO;
				CLANG_CXX_LANGUAGE_STANDARD = "gnu++0x";
				CLANG_CXX_LIBRARY = "libc++";
				CLANG_ENABLE_MODULES = YES;
				CLANG_ENABLE_OBJC_ARC = YES;
				CLANG_WARN_BOOL_CONVERSION = YES;
				CLANG_WARN_CONSTANT_CONVERSION = YES;
				CLANG_WARN_DIRECT_OBJC_ISA_USAGE = YES_ERROR;
				CLANG_WARN_EMPTY_BODY = YES;
				CLANG_WARN_ENUM_CONVERSION = YES;
				CLANG_WARN_INT_CONVERSION = YES;
				CLANG_WARN_OBJC_ROOT_CLASS = YES_ERROR;
				CLANG_WARN_UNREACHABLE_CODE = YES;
				CLANG_WARN__DUPLICATE_METHOD_MATCH = YES;
				"CODE_SIGN_IDENTITY[sdk=iphoneos*]" = "iPhone Developer";
				COPY_PHASE_STRIP = NO;
				DEBUG_INFORMATION_FORMAT = "dwarf-with-dsym";
				ENABLE_NS_ASSERTIONS = NO;
				ENABLE_STRICT_OBJC_MSGSEND = YES;
				GCC_C_LANGUAGE_STANDARD = gnu99;
				GCC_NO_COMMON_BLOCKS = YES;
				GCC_WARN_64_TO_32_BIT_CONVERSION = YES;
				GCC_WARN_ABOUT_RETURN_TYPE = YES_ERROR;
				GCC_WARN_UNDECLARED_SELECTOR = YES;
				GCC_WARN_UNINITIALIZED_AUTOS = YES_AGGRESSIVE;
				GCC_WARN_UNUSED_FUNCTION = YES;
				GCC_WARN_UNUSED_VARIABLE = YES;
				IPHONEOS_DEPLOYMENT_TARGET = 8.3;
				MTL_ENABLE_DEBUG_INFO = NO;
				SDKROOT = iphoneos;
				TARGETED_DEVICE_FAMILY = 2;
				VALIDATE_PRODUCT = YES;
			};
			name = Release;
		};
		1CD1027D1AEE7E9500AC6122 /* Debug */ = {
			isa = XCBuildConfiguration;
			buildSettings = {
				ASSETCATALOG_COMPILER_APPICON_NAME = AppIcon;
				FRAMEWORK_SEARCH_PATHS = (
					"$(inherited)",
					"$(PROJECT_DIR)/Carthage/Build/iOS",
				);
				INFOPLIST_FILE = CourseTracker/Info.plist;
				LD_RUNPATH_SEARCH_PATHS = "$(inherited) @executable_path/Frameworks";
				PRODUCT_NAME = "$(TARGET_NAME)";
			};
			name = Debug;
		};
		1CD1027E1AEE7E9500AC6122 /* Release */ = {
			isa = XCBuildConfiguration;
			buildSettings = {
				ASSETCATALOG_COMPILER_APPICON_NAME = AppIcon;
				FRAMEWORK_SEARCH_PATHS = (
					"$(inherited)",
					"$(PROJECT_DIR)/Carthage/Build/iOS",
				);
				INFOPLIST_FILE = CourseTracker/Info.plist;
				LD_RUNPATH_SEARCH_PATHS = "$(inherited) @executable_path/Frameworks";
				PRODUCT_NAME = "$(TARGET_NAME)";
			};
			name = Release;
		};
		1CD102801AEE7E9500AC6122 /* Debug */ = {
			isa = XCBuildConfiguration;
			buildSettings = {
				BUNDLE_LOADER = "$(TEST_HOST)";
				FRAMEWORK_SEARCH_PATHS = (
					"$(SDKROOT)/Developer/Library/Frameworks",
					"$(inherited)",
				);
				GCC_PREPROCESSOR_DEFINITIONS = (
					"DEBUG=1",
					"$(inherited)",
				);
				INFOPLIST_FILE = CourseTrackerTests/Info.plist;
				LD_RUNPATH_SEARCH_PATHS = "$(inherited) @executable_path/Frameworks @loader_path/Frameworks";
				PRODUCT_NAME = "$(TARGET_NAME)";
				TEST_HOST = "$(BUILT_PRODUCTS_DIR)/CourseTracker.app/CourseTracker";
			};
			name = Debug;
		};
		1CD102811AEE7E9500AC6122 /* Release */ = {
			isa = XCBuildConfiguration;
			buildSettings = {
				BUNDLE_LOADER = "$(TEST_HOST)";
				FRAMEWORK_SEARCH_PATHS = (
					"$(SDKROOT)/Developer/Library/Frameworks",
					"$(inherited)",
				);
				INFOPLIST_FILE = CourseTrackerTests/Info.plist;
				LD_RUNPATH_SEARCH_PATHS = "$(inherited) @executable_path/Frameworks @loader_path/Frameworks";
				PRODUCT_NAME = "$(TARGET_NAME)";
				TEST_HOST = "$(BUILT_PRODUCTS_DIR)/CourseTracker.app/CourseTracker";
			};
			name = Release;
		};
/* End XCBuildConfiguration section */

/* Begin XCConfigurationList section */
		1CD102551AEE7E9500AC6122 /* Build configuration list for PBXProject "CourseTracker" */ = {
			isa = XCConfigurationList;
			buildConfigurations = (
				1CD1027A1AEE7E9500AC6122 /* Debug */,
				1CD1027B1AEE7E9500AC6122 /* Release */,
			);
			defaultConfigurationIsVisible = 0;
			defaultConfigurationName = Release;
		};
		1CD1027C1AEE7E9500AC6122 /* Build configuration list for PBXNativeTarget "CourseTracker" */ = {
			isa = XCConfigurationList;
			buildConfigurations = (
				1CD1027D1AEE7E9500AC6122 /* Debug */,
				1CD1027E1AEE7E9500AC6122 /* Release */,
			);
			defaultConfigurationIsVisible = 0;
			defaultConfigurationName = Release;
		};
		1CD1027F1AEE7E9500AC6122 /* Build configuration list for PBXNativeTarget "CourseTrackerTests" */ = {
			isa = XCConfigurationList;
			buildConfigurations = (
				1CD102801AEE7E9500AC6122 /* Debug */,
				1CD102811AEE7E9500AC6122 /* Release */,
			);
			defaultConfigurationIsVisible = 0;
			defaultConfigurationName = Release;
		};
/* End XCConfigurationList section */

/* Begin XCVersionGroup section */
		1CD102611AEE7E9500AC6122 /* CourseTracker.xcdatamodeld */ = {
			isa = XCVersionGroup;
			children = (
				1CD102621AEE7E9500AC6122 /* CourseTracker.xcdatamodel */,
			);
			currentVersion = 1CD102621AEE7E9500AC6122 /* CourseTracker.xcdatamodel */;
			path = CourseTracker.xcdatamodeld;
			sourceTree = "<group>";
			versionGroupType = wrapper.xcdatamodel;
		};
/* End XCVersionGroup section */
	};
	rootObject = 1CD102521AEE7E9500AC6122 /* Project object */;
}
